cookbook 'apt', :locked_version => '1.9.2'
cookbook 'build-essential', :locked_version => '1.4.0'
cookbook 'postgresql', :locked_version => '2.4.0'
cookbook 'rvm', :git => 'git://github.com/fnichol/chef-rvm.git', :ref => 'master'
cookbook 'postgres_vagrant', :git => 'git://github.com/AgilionApps/AgilionRecipes.git', :ref => '0.4.0'
cookbook 'standard_packages', :git => 'git://github.com/AgilionApps/AgilionRecipes.git', :ref => '0.4.0'
cookbook 'rails_development', :git => 'git://github.com/AgilionApps/AgilionRecipes.git', :ref => '0.4.0'
cookbook 'openssl', :locked_version => '1.0.2'
cookbook 'java', :locked_version => '1.11.4'
cookbook 'windows', :locked_version => '1.8.10'
cookbook 'chef_handler', :locked_version => '1.1.4'
cookbook 'chef_gem', :locked_version => '0.1.0'